
Microsoft Visual Studio Solution File, Format Version 12.00
# Visual Studio 15
VisualStudioVersion = 15.0.27428.2011
MinimumVisualStudioVersion = 10.0.40219.1
Project("{FAE04EC0-301F-11D3-BF4B-00C04F79EFBC}") = "RoutePlanner", "RoutePlanner\RoutePlanner.csproj", "{24E28845-E147-4FD3-8C21-167B4B3E94B5}"
EndProject
Global
	GlobalSection(SolutionConfigurationPlatforms) = preSolution
		Debug|Any CPU = Debug|Any CPU
		Release|Any CPU = Release|Any CPU
	EndGlobalSection
	GlobalSection(ProjectConfigurationPlatforms) = postSolution
		{24E28845-E147-4FD3-8C21-167B4B3E94B5}.Debug|Any CPU.ActiveCfg = Debug|Any CPU
		{24E28845-E147-4FD3-8C21-167B4B3E94B5}.Debug|Any CPU.Build.0 = Debug|Any CPU
		{24E28845-E147-4FD3-8C21-167B4B3E94B5}.Release|Any CPU.ActiveCfg = Release|Any CPU
		{24E28845-E147-4FD3-8C21-167B4B3E94B5}.Release|Any CPU.Build.0 = Release|Any CPU
	EndGlobalSection
	GlobalSection(SolutionProperties) = preSolution
		HideSolutionNode = FALSE
	EndGlobalSection
	GlobalSection(ExtensibilityGlobals) = postSolution
		SolutionGuid = {67AFC5F3-A94A-4EB6-8327-D86BB2A94971}
	EndGlobalSection
EndGlobal
